
Microsoft Visual Studio Solution File, Format Version 12.00
# Visual Studio Version 16
VisualStudioVersion = 16.0.30523.141
MinimumVisualStudioVersion = 10.0.40219.1
Project("{FAE04EC0-301F-11D3-BF4B-00C04F79EFBC}") = "Ecs.Core", "Ecs.Core\Ecs.Core.csproj", "{65BEB14C-5414-4516-B566-E668E494C3EB}"
EndProject
Project("{FAE04EC0-301F-11D3-BF4B-00C04F79EFBC}") = "Ecs.Core.Tests", "tests\Ecs.Core.Tests\Ecs.Core.Tests.csproj", "{1B9FCF0D-8AAD-49A0-944D-68EE69CB721F}"
EndProject
Project("{FAE04EC0-301F-11D3-BF4B-00C04F79EFBC}") = "Game.Simulation.Core", "Game.Simulation.Core\Game.Simulation.Core.csproj", "{03C4608E-69A7-4F46-8231-749DD5CB5ED2}"
EndProject
Project("{FAE04EC0-301F-11D3-BF4B-00C04F79EFBC}") = "Game.Simulation.Core.Tests", "tests\Game.Simulation.Core.Tests\Game.Simulation.Core.Tests.csproj", "{3EACC74D-4AFD-428C-9A48-D204B8066D44}"
EndProject
Project("{FAE04EC0-301F-11D3-BF4B-00C04F79EFBC}") = "Game.Networking.Core", "Game.Networking.Core\Game.Networking.Core.csproj", "{B19A0428-3713-43B2-81A5-1F228CE19489}"
EndProject
Project("{FAE04EC0-301F-11D3-BF4B-00C04F79EFBC}") = "Game.Networking.Core.Tests", "tests\Game.Networking.Core.Tests\Game.Networking.Core.Tests.csproj", "{FE03A7B7-6303-46C2-A14B-D8D4F032130F}"
EndProject
Project("{2150E333-8FDC-42A3-9474-1A3956D46DE8}") = "tests", "tests", "{CF347B84-B468-4AF1-9B18-709CEC95EE65}"
EndProject
Project("{FAE04EC0-301F-11D3-BF4B-00C04F79EFBC}") = "Game.Networking", "Game.Networking\Game.Networking.csproj", "{769CE99B-F28D-4C73-9E98-E7D46EB17B42}"
EndProject
Project("{FAE04EC0-301F-11D3-BF4B-00C04F79EFBC}") = "Game.Simulation.Server", "Game.Simulation.Server\Game.Simulation.Server.csproj", "{DC15907F-CF6C-44EA-B3CB-B01C74D0E388}"
EndProject
Project("{FAE04EC0-301F-11D3-BF4B-00C04F79EFBC}") = "Game.Simulation.Client", "Game.Simulation.Client\Game.Simulation.Client.csproj", "{F43E34FA-18C1-44A8-BCB8-BA93400C0701}"
EndProject
Project("{FAE04EC0-301F-11D3-BF4B-00C04F79EFBC}") = "Game.Simulation.Client.Tests", "tests\Game.Simulation.Client.Tests\Game.Simulation.Client.Tests.csproj", "{45C411CA-B80E-4868-90A9-1DFBBE56D98D}"
EndProject
Project("{FAE04EC0-301F-11D3-BF4B-00C04F79EFBC}") = "Game.Networking.Tests", "tests\Game.Networking.Tests\Game.Networking.Tests.csproj", "{669D2B95-E4CB-4E24-BBAA-A272BBCD283A}"
EndProject
Project("{FAE04EC0-301F-11D3-BF4B-00C04F79EFBC}") = "Game.Simulation.Server.Tests", "tests\Game.Simulation.Server.Tests\Game.Simulation.Server.Tests.csproj", "{25598F90-F0BD-40F3-A5E4-DCF4053DC221}"
EndProject
Project("{FAE04EC0-301F-11D3-BF4B-00C04F79EFBC}") = "Common.Core", "Common.Core\Common.Core.csproj", "{83DE9636-9348-4678-B986-02987685B57D}"
EndProject
Project("{FAE04EC0-301F-11D3-BF4B-00C04F79EFBC}") = "Common.Core.Tests", "tests\Common.Core.Tests\Common.Core.Tests.csproj", "{63A75549-3F66-4DD9-AEE8-8E49D0186560}"
EndProject
Project("{FAE04EC0-301F-11D3-BF4B-00C04F79EFBC}") = "Game.Server", "Game.Server\Game.Server.csproj", "{F9D4BA66-D855-4A5E-A113-EC3A91E2EB7B}"
EndProject
Project("{FAE04EC0-301F-11D3-BF4B-00C04F79EFBC}") = "Game.Server.Console", "Game.Server.Console\Game.Server.Console.csproj", "{CDCBAF8F-B818-4EBF-AB88-AA0DEB585F28}"
EndProject
Project("{FAE04EC0-301F-11D3-BF4B-00C04F79EFBC}") = "Game.Server.Tests", "tests\Game.Server.Tests\Game.Server.Tests.csproj", "{6165603B-7210-4FC3-8467-E11104D9F244}"
EndProject
Project("{FAE04EC0-301F-11D3-BF4B-00C04F79EFBC}") = "Test.Common", "tests\Test.Common\Test.Common.csproj", "{C3F2CC20-4D19-4D07-BDE2-63D92DF2746B}"
EndProject
Project("{FAE04EC0-301F-11D3-BF4B-00C04F79EFBC}") = "Game.Database.Core", "Game.Database.Core\Game.Database.Core.csproj", "{D40D9621-02EB-4A03-95B9-B70EB27867F0}"
EndProject
Project("{FAE04EC0-301F-11D3-BF4B-00C04F79EFBC}") = "Game.Database.FileSystem", "Game.Database.FileSystem\Game.Database.FileSystem.csproj", "{E28CDD29-AFEF-484D-B24F-116730646FE3}"
EndProject
Project("{FAE04EC0-301F-11D3-BF4B-00C04F79EFBC}") = "Game.Database.FileSystem.Tests", "tests\Game.Database.FileSystem.Tests\Game.Database.FileSystem.Tests.csproj", "{1F45F699-DF25-4AD4-A3CD-C8EF72932A60}"
EndProject
Global
	GlobalSection(SolutionConfigurationPlatforms) = preSolution
		Debug|Any CPU = Debug|Any CPU
		Release|Any CPU = Release|Any CPU
	EndGlobalSection
	GlobalSection(ProjectConfigurationPlatforms) = postSolution
		{65BEB14C-5414-4516-B566-E668E494C3EB}.Debug|Any CPU.ActiveCfg = Debug|Any CPU
		{65BEB14C-5414-4516-B566-E668E494C3EB}.Debug|Any CPU.Build.0 = Debug|Any CPU
		{65BEB14C-5414-4516-B566-E668E494C3EB}.Release|Any CPU.ActiveCfg = Release|Any CPU
		{65BEB14C-5414-4516-B566-E668E494C3EB}.Release|Any CPU.Build.0 = Release|Any CPU
		{1B9FCF0D-8AAD-49A0-944D-68EE69CB721F}.Debug|Any CPU.ActiveCfg = Debug|Any CPU
		{1B9FCF0D-8AAD-49A0-944D-68EE69CB721F}.Debug|Any CPU.Build.0 = Debug|Any CPU
		{1B9FCF0D-8AAD-49A0-944D-68EE69CB721F}.Release|Any CPU.ActiveCfg = Release|Any CPU
		{1B9FCF0D-8AAD-49A0-944D-68EE69CB721F}.Release|Any CPU.Build.0 = Release|Any CPU
		{03C4608E-69A7-4F46-8231-749DD5CB5ED2}.Debug|Any CPU.ActiveCfg = Debug|Any CPU
		{03C4608E-69A7-4F46-8231-749DD5CB5ED2}.Debug|Any CPU.Build.0 = Debug|Any CPU
		{03C4608E-69A7-4F46-8231-749DD5CB5ED2}.Release|Any CPU.ActiveCfg = Release|Any CPU
		{03C4608E-69A7-4F46-8231-749DD5CB5ED2}.Release|Any CPU.Build.0 = Release|Any CPU
		{3EACC74D-4AFD-428C-9A48-D204B8066D44}.Debug|Any CPU.ActiveCfg = Debug|Any CPU
		{3EACC74D-4AFD-428C-9A48-D204B8066D44}.Debug|Any CPU.Build.0 = Debug|Any CPU
		{3EACC74D-4AFD-428C-9A48-D204B8066D44}.Release|Any CPU.ActiveCfg = Release|Any CPU
		{3EACC74D-4AFD-428C-9A48-D204B8066D44}.Release|Any CPU.Build.0 = Release|Any CPU
		{B19A0428-3713-43B2-81A5-1F228CE19489}.Debug|Any CPU.ActiveCfg = Debug|Any CPU
		{B19A0428-3713-43B2-81A5-1F228CE19489}.Debug|Any CPU.Build.0 = Debug|Any CPU
		{B19A0428-3713-43B2-81A5-1F228CE19489}.Release|Any CPU.ActiveCfg = Release|Any CPU
		{B19A0428-3713-43B2-81A5-1F228CE19489}.Release|Any CPU.Build.0 = Release|Any CPU
		{FE03A7B7-6303-46C2-A14B-D8D4F032130F}.Debug|Any CPU.ActiveCfg = Debug|Any CPU
		{FE03A7B7-6303-46C2-A14B-D8D4F032130F}.Debug|Any CPU.Build.0 = Debug|Any CPU
		{FE03A7B7-6303-46C2-A14B-D8D4F032130F}.Release|Any CPU.ActiveCfg = Release|Any CPU
		{FE03A7B7-6303-46C2-A14B-D8D4F032130F}.Release|Any CPU.Build.0 = Release|Any CPU
		{769CE99B-F28D-4C73-9E98-E7D46EB17B42}.Debug|Any CPU.ActiveCfg = Debug|Any CPU
		{769CE99B-F28D-4C73-9E98-E7D46EB17B42}.Debug|Any CPU.Build.0 = Debug|Any CPU
		{769CE99B-F28D-4C73-9E98-E7D46EB17B42}.Release|Any CPU.ActiveCfg = Release|Any CPU
		{769CE99B-F28D-4C73-9E98-E7D46EB17B42}.Release|Any CPU.Build.0 = Release|Any CPU
		{DC15907F-CF6C-44EA-B3CB-B01C74D0E388}.Debug|Any CPU.ActiveCfg = Debug|Any CPU
		{DC15907F-CF6C-44EA-B3CB-B01C74D0E388}.Debug|Any CPU.Build.0 = Debug|Any CPU
		{DC15907F-CF6C-44EA-B3CB-B01C74D0E388}.Release|Any CPU.ActiveCfg = Release|Any CPU
		{DC15907F-CF6C-44EA-B3CB-B01C74D0E388}.Release|Any CPU.Build.0 = Release|Any CPU
		{F43E34FA-18C1-44A8-BCB8-BA93400C0701}.Debug|Any CPU.ActiveCfg = Debug|Any CPU
		{F43E34FA-18C1-44A8-BCB8-BA93400C0701}.Debug|Any CPU.Build.0 = Debug|Any CPU
		{F43E34FA-18C1-44A8-BCB8-BA93400C0701}.Release|Any CPU.ActiveCfg = Release|Any CPU
		{F43E34FA-18C1-44A8-BCB8-BA93400C0701}.Release|Any CPU.Build.0 = Release|Any CPU
		{45C411CA-B80E-4868-90A9-1DFBBE56D98D}.Debug|Any CPU.ActiveCfg = Debug|Any CPU
		{45C411CA-B80E-4868-90A9-1DFBBE56D98D}.Debug|Any CPU.Build.0 = Debug|Any CPU
		{45C411CA-B80E-4868-90A9-1DFBBE56D98D}.Release|Any CPU.ActiveCfg = Release|Any CPU
		{45C411CA-B80E-4868-90A9-1DFBBE56D98D}.Release|Any CPU.Build.0 = Release|Any CPU
		{669D2B95-E4CB-4E24-BBAA-A272BBCD283A}.Debug|Any CPU.ActiveCfg = Debug|Any CPU
		{669D2B95-E4CB-4E24-BBAA-A272BBCD283A}.Debug|Any CPU.Build.0 = Debug|Any CPU
		{669D2B95-E4CB-4E24-BBAA-A272BBCD283A}.Release|Any CPU.ActiveCfg = Release|Any CPU
		{669D2B95-E4CB-4E24-BBAA-A272BBCD283A}.Release|Any CPU.Build.0 = Release|Any CPU
		{25598F90-F0BD-40F3-A5E4-DCF4053DC221}.Debug|Any CPU.ActiveCfg = Debug|Any CPU
		{25598F90-F0BD-40F3-A5E4-DCF4053DC221}.Debug|Any CPU.Build.0 = Debug|Any CPU
		{25598F90-F0BD-40F3-A5E4-DCF4053DC221}.Release|Any CPU.ActiveCfg = Release|Any CPU
		{25598F90-F0BD-40F3-A5E4-DCF4053DC221}.Release|Any CPU.Build.0 = Release|Any CPU
		{83DE9636-9348-4678-B986-02987685B57D}.Debug|Any CPU.ActiveCfg = Debug|Any CPU
		{83DE9636-9348-4678-B986-02987685B57D}.Debug|Any CPU.Build.0 = Debug|Any CPU
		{83DE9636-9348-4678-B986-02987685B57D}.Release|Any CPU.ActiveCfg = Release|Any CPU
		{83DE9636-9348-4678-B986-02987685B57D}.Release|Any CPU.Build.0 = Release|Any CPU
		{63A75549-3F66-4DD9-AEE8-8E49D0186560}.Debug|Any CPU.ActiveCfg = Debug|Any CPU
		{63A75549-3F66-4DD9-AEE8-8E49D0186560}.Debug|Any CPU.Build.0 = Debug|Any CPU
		{63A75549-3F66-4DD9-AEE8-8E49D0186560}.Release|Any CPU.ActiveCfg = Release|Any CPU
		{63A75549-3F66-4DD9-AEE8-8E49D0186560}.Release|Any CPU.Build.0 = Release|Any CPU
		{F9D4BA66-D855-4A5E-A113-EC3A91E2EB7B}.Debug|Any CPU.ActiveCfg = Debug|Any CPU
		{F9D4BA66-D855-4A5E-A113-EC3A91E2EB7B}.Debug|Any CPU.Build.0 = Debug|Any CPU
		{F9D4BA66-D855-4A5E-A113-EC3A91E2EB7B}.Release|Any CPU.ActiveCfg = Release|Any CPU
		{F9D4BA66-D855-4A5E-A113-EC3A91E2EB7B}.Release|Any CPU.Build.0 = Release|Any CPU
		{CDCBAF8F-B818-4EBF-AB88-AA0DEB585F28}.Debug|Any CPU.ActiveCfg = Debug|Any CPU
		{CDCBAF8F-B818-4EBF-AB88-AA0DEB585F28}.Debug|Any CPU.Build.0 = Debug|Any CPU
		{CDCBAF8F-B818-4EBF-AB88-AA0DEB585F28}.Release|Any CPU.ActiveCfg = Release|Any CPU
		{CDCBAF8F-B818-4EBF-AB88-AA0DEB585F28}.Release|Any CPU.Build.0 = Release|Any CPU
		{6165603B-7210-4FC3-8467-E11104D9F244}.Debug|Any CPU.ActiveCfg = Debug|Any CPU
		{6165603B-7210-4FC3-8467-E11104D9F244}.Debug|Any CPU.Build.0 = Debug|Any CPU
		{6165603B-7210-4FC3-8467-E11104D9F244}.Release|Any CPU.ActiveCfg = Release|Any CPU
		{6165603B-7210-4FC3-8467-E11104D9F244}.Release|Any CPU.Build.0 = Release|Any CPU
		{C3F2CC20-4D19-4D07-BDE2-63D92DF2746B}.Debug|Any CPU.ActiveCfg = Debug|Any CPU
		{C3F2CC20-4D19-4D07-BDE2-63D92DF2746B}.Debug|Any CPU.Build.0 = Debug|Any CPU
		{C3F2CC20-4D19-4D07-BDE2-63D92DF2746B}.Release|Any CPU.ActiveCfg = Release|Any CPU
		{C3F2CC20-4D19-4D07-BDE2-63D92DF2746B}.Release|Any CPU.Build.0 = Release|Any CPU
		{D40D9621-02EB-4A03-95B9-B70EB27867F0}.Debug|Any CPU.ActiveCfg = Debug|Any CPU
		{D40D9621-02EB-4A03-95B9-B70EB27867F0}.Debug|Any CPU.Build.0 = Debug|Any CPU
		{D40D9621-02EB-4A03-95B9-B70EB27867F0}.Release|Any CPU.ActiveCfg = Release|Any CPU
		{D40D9621-02EB-4A03-95B9-B70EB27867F0}.Release|Any CPU.Build.0 = Release|Any CPU
		{E28CDD29-AFEF-484D-B24F-116730646FE3}.Debug|Any CPU.ActiveCfg = Debug|Any CPU
		{E28CDD29-AFEF-484D-B24F-116730646FE3}.Debug|Any CPU.Build.0 = Debug|Any CPU
		{E28CDD29-AFEF-484D-B24F-116730646FE3}.Release|Any CPU.ActiveCfg = Release|Any CPU
		{E28CDD29-AFEF-484D-B24F-116730646FE3}.Release|Any CPU.Build.0 = Release|Any CPU
		{1F45F699-DF25-4AD4-A3CD-C8EF72932A60}.Debug|Any CPU.ActiveCfg = Debug|Any CPU
		{1F45F699-DF25-4AD4-A3CD-C8EF72932A60}.Debug|Any CPU.Build.0 = Debug|Any CPU
		{1F45F699-DF25-4AD4-A3CD-C8EF72932A60}.Release|Any CPU.ActiveCfg = Release|Any CPU
		{1F45F699-DF25-4AD4-A3CD-C8EF72932A60}.Release|Any CPU.Build.0 = Release|Any CPU
	EndGlobalSection
	GlobalSection(SolutionProperties) = preSolution
		HideSolutionNode = FALSE
	EndGlobalSection
	GlobalSection(NestedProjects) = preSolution
		{1B9FCF0D-8AAD-49A0-944D-68EE69CB721F} = {CF347B84-B468-4AF1-9B18-709CEC95EE65}
		{3EACC74D-4AFD-428C-9A48-D204B8066D44} = {CF347B84-B468-4AF1-9B18-709CEC95EE65}
		{FE03A7B7-6303-46C2-A14B-D8D4F032130F} = {CF347B84-B468-4AF1-9B18-709CEC95EE65}
		{45C411CA-B80E-4868-90A9-1DFBBE56D98D} = {CF347B84-B468-4AF1-9B18-709CEC95EE65}
		{669D2B95-E4CB-4E24-BBAA-A272BBCD283A} = {CF347B84-B468-4AF1-9B18-709CEC95EE65}
		{25598F90-F0BD-40F3-A5E4-DCF4053DC221} = {CF347B84-B468-4AF1-9B18-709CEC95EE65}
		{63A75549-3F66-4DD9-AEE8-8E49D0186560} = {CF347B84-B468-4AF1-9B18-709CEC95EE65}
		{6165603B-7210-4FC3-8467-E11104D9F244} = {CF347B84-B468-4AF1-9B18-709CEC95EE65}
		{C3F2CC20-4D19-4D07-BDE2-63D92DF2746B} = {CF347B84-B468-4AF1-9B18-709CEC95EE65}
		{1F45F699-DF25-4AD4-A3CD-C8EF72932A60} = {CF347B84-B468-4AF1-9B18-709CEC95EE65}
	EndGlobalSection
	GlobalSection(ExtensibilityGlobals) = postSolution
		SolutionGuid = {9BFB332F-0C94-4627-B04F-1ECD297CEEA0}
	EndGlobalSection
EndGlobal
